
Microsoft Visual Studio Solution File, Format Version 12.00
# Visual Studio Version 17
VisualStudioVersion = 17.11.35327.3
MinimumVisualStudioVersion = 10.0.40219.1
Project("{FAE04EC0-301F-11D3-BF4B-00C04F79EFBC}") = "SimpleCRUD", "SimpleCRUD\SimpleCRUD.csproj", "{B7486DF8-5469-4C49-B6FB-A8889484537B}"
EndProject
Global
	GlobalSection(SolutionConfigurationPlatforms) = preSolution
		Debug|Any CPU = Debug|Any CPU
		Release|Any CPU = Release|Any CPU
	EndGlobalSection
	GlobalSection(ProjectConfigurationPlatforms) = postSolution
		{B7486DF8-5469-4C49-B6FB-A8889484537B}.Debug|Any CPU.ActiveCfg = Debug|Any CPU
		{B7486DF8-5469-4C49-B6FB-A8889484537B}.Debug|Any CPU.Build.0 = Debug|Any CPU
		{B7486DF8-5469-4C49-B6FB-A8889484537B}.Release|Any CPU.ActiveCfg = Release|Any CPU
		{B7486DF8-5469-4C49-B6FB-A8889484537B}.Release|Any CPU.Build.0 = Release|Any CPU
	EndGlobalSection
	GlobalSection(SolutionProperties) = preSolution
		HideSolutionNode = FALSE
	EndGlobalSection
	GlobalSection(ExtensibilityGlobals) = postSolution
		SolutionGuid = {068F78B0-500E-4405-AEE5-9E3D091F3468}
	EndGlobalSection
EndGlobal
